
Microsoft Visual Studio Solution File, Format Version 12.00
# Visual Studio 2012
Project("{FAE04EC0-301F-11D3-BF4B-00C04F79EFBC}") = "Sanity.web", "Sanity.web\Sanity.web.csproj", "{B43DBE92-203C-4116-AD46-66A6FF4EDBF6}"
EndProject
Project("{FAE04EC0-301F-11D3-BF4B-00C04F79EFBC}") = "Sanity.Data", "Sanity.Data\Sanity.Data.csproj", "{4DAD6440-4E32-4AFC-B0F3-B58451F28399}"
EndProject
Global
	GlobalSection(SolutionConfigurationPlatforms) = preSolution
		Debug|Any CPU = Debug|Any CPU
		Release|Any CPU = Release|Any CPU
	EndGlobalSection
	GlobalSection(ProjectConfigurationPlatforms) = postSolution
		{B43DBE92-203C-4116-AD46-66A6FF4EDBF6}.Debug|Any CPU.ActiveCfg = Debug|Any CPU
		{B43DBE92-203C-4116-AD46-66A6FF4EDBF6}.Debug|Any CPU.Build.0 = Debug|Any CPU
		{B43DBE92-203C-4116-AD46-66A6FF4EDBF6}.Release|Any CPU.ActiveCfg = Release|Any CPU
		{B43DBE92-203C-4116-AD46-66A6FF4EDBF6}.Release|Any CPU.Build.0 = Release|Any CPU
		{4DAD6440-4E32-4AFC-B0F3-B58451F28399}.Debug|Any CPU.ActiveCfg = Debug|Any CPU
		{4DAD6440-4E32-4AFC-B0F3-B58451F28399}.Debug|Any CPU.Build.0 = Debug|Any CPU
		{4DAD6440-4E32-4AFC-B0F3-B58451F28399}.Release|Any CPU.ActiveCfg = Release|Any CPU
		{4DAD6440-4E32-4AFC-B0F3-B58451F28399}.Release|Any CPU.Build.0 = Release|Any CPU
	EndGlobalSection
	GlobalSection(SolutionProperties) = preSolution
		HideSolutionNode = FALSE
	EndGlobalSection
EndGlobal
